
Microsoft Visual Studio Solution File, Format Version 12.00
# Visual Studio Version 17
VisualStudioVersion = 17.10.35013.160
MinimumVisualStudioVersion = 10.0.40219.1
Project("{9A19103F-16F7-4668-BE54-9A1E7A4F7556}") = "TP4P1", "TD4P1\TP4P1.csproj", "{F987174F-3ECA-46AE-BB56-51C428117E88}"
EndProject
Global
	GlobalSection(SolutionConfigurationPlatforms) = preSolution
		Debug|Any CPU = Debug|Any CPU
		Release|Any CPU = Release|Any CPU
	EndGlobalSection
	GlobalSection(ProjectConfigurationPlatforms) = postSolution
		{F987174F-3ECA-46AE-BB56-51C428117E88}.Debug|Any CPU.ActiveCfg = Debug|Any CPU
		{F987174F-3ECA-46AE-BB56-51C428117E88}.Debug|Any CPU.Build.0 = Debug|Any CPU
		{F987174F-3ECA-46AE-BB56-51C428117E88}.Release|Any CPU.ActiveCfg = Release|Any CPU
		{F987174F-3ECA-46AE-BB56-51C428117E88}.Release|Any CPU.Build.0 = Release|Any CPU
	EndGlobalSection
	GlobalSection(SolutionProperties) = preSolution
		HideSolutionNode = FALSE
	EndGlobalSection
	GlobalSection(ExtensibilityGlobals) = postSolution
		SolutionGuid = {9F6BC6FD-D2B2-4919-837F-AA6544AC3889}
	EndGlobalSection
EndGlobal
